
Microsoft Visual Studio Solution File, Format Version 12.00
# Visual Studio Version 16
VisualStudioVersion = 16.0.31624.102
MinimumVisualStudioVersion = 10.0.40219.1
Project("{FAE04EC0-301F-11D3-BF4B-00C04F79EFBC}") = "task-4", "task-4.csproj", "{F7C45D88-6419-41EC-BD58-956B44507ABB}"
EndProject
Global
	GlobalSection(SolutionConfigurationPlatforms) = preSolution
		Debug|Any CPU = Debug|Any CPU
		Release|Any CPU = Release|Any CPU
	EndGlobalSection
	GlobalSection(ProjectConfigurationPlatforms) = postSolution
		{F7C45D88-6419-41EC-BD58-956B44507ABB}.Debug|Any CPU.ActiveCfg = Debug|Any CPU
		{F7C45D88-6419-41EC-BD58-956B44507ABB}.Debug|Any CPU.Build.0 = Debug|Any CPU
		{F7C45D88-6419-41EC-BD58-956B44507ABB}.Release|Any CPU.ActiveCfg = Release|Any CPU
		{F7C45D88-6419-41EC-BD58-956B44507ABB}.Release|Any CPU.Build.0 = Release|Any CPU
	EndGlobalSection
	GlobalSection(SolutionProperties) = preSolution
		HideSolutionNode = FALSE
	EndGlobalSection
	GlobalSection(ExtensibilityGlobals) = postSolution
		SolutionGuid = {D71F5515-8A78-47D7-8A99-AFEA8B3F78FA}
	EndGlobalSection
EndGlobal
