
Microsoft Visual Studio Solution File, Format Version 12.00
# Visual Studio Version 16
VisualStudioVersion = 16.0.32106.194
MinimumVisualStudioVersion = 10.0.40219.1
Project("{9A19103F-16F7-4668-BE54-9A1E7A4F7556}") = "HotelLibrary", "HotelLibrary.csproj", "{A988CF03-6353-477B-8BF1-FB6E37E8C850}"
EndProject
Project("{9A19103F-16F7-4668-BE54-9A1E7A4F7556}") = "HotelLibrary.UnitTests", "..\..\Hotel.UnitTests\HotelLibrary.UnitTests\HotelLibrary.UnitTests.csproj", "{35012ABD-DEFC-4B65-B704-E5A4DC6417A0}"
EndProject
Global
	GlobalSection(SolutionConfigurationPlatforms) = preSolution
		Debug|Any CPU = Debug|Any CPU
		Release|Any CPU = Release|Any CPU
	EndGlobalSection
	GlobalSection(ProjectConfigurationPlatforms) = postSolution
		{A988CF03-6353-477B-8BF1-FB6E37E8C850}.Debug|Any CPU.ActiveCfg = Debug|Any CPU
		{A988CF03-6353-477B-8BF1-FB6E37E8C850}.Debug|Any CPU.Build.0 = Debug|Any CPU
		{A988CF03-6353-477B-8BF1-FB6E37E8C850}.Release|Any CPU.ActiveCfg = Release|Any CPU
		{A988CF03-6353-477B-8BF1-FB6E37E8C850}.Release|Any CPU.Build.0 = Release|Any CPU
		{35012ABD-DEFC-4B65-B704-E5A4DC6417A0}.Debug|Any CPU.ActiveCfg = Debug|Any CPU
		{35012ABD-DEFC-4B65-B704-E5A4DC6417A0}.Debug|Any CPU.Build.0 = Debug|Any CPU
		{35012ABD-DEFC-4B65-B704-E5A4DC6417A0}.Release|Any CPU.ActiveCfg = Release|Any CPU
		{35012ABD-DEFC-4B65-B704-E5A4DC6417A0}.Release|Any CPU.Build.0 = Release|Any CPU
	EndGlobalSection
	GlobalSection(SolutionProperties) = preSolution
		HideSolutionNode = FALSE
	EndGlobalSection
	GlobalSection(ExtensibilityGlobals) = postSolution
		SolutionGuid = {6B8CB851-D82F-4366-840E-0C2435969DCF}
	EndGlobalSection
EndGlobal
