
Microsoft Visual Studio Solution File, Format Version 12.00
# Visual Studio Version 16
VisualStudioVersion = 16.0.31624.102
MinimumVisualStudioVersion = 10.0.40219.1
Project("{FAE04EC0-301F-11D3-BF4B-00C04F79EFBC}") = "task-5", "task-5.csproj", "{AE72CC2F-6594-43F9-B2E0-D18D2FE8C65C}"
EndProject
Global
	GlobalSection(SolutionConfigurationPlatforms) = preSolution
		Debug|Any CPU = Debug|Any CPU
		Release|Any CPU = Release|Any CPU
	EndGlobalSection
	GlobalSection(ProjectConfigurationPlatforms) = postSolution
		{AE72CC2F-6594-43F9-B2E0-D18D2FE8C65C}.Debug|Any CPU.ActiveCfg = Debug|Any CPU
		{AE72CC2F-6594-43F9-B2E0-D18D2FE8C65C}.Debug|Any CPU.Build.0 = Debug|Any CPU
		{AE72CC2F-6594-43F9-B2E0-D18D2FE8C65C}.Release|Any CPU.ActiveCfg = Release|Any CPU
		{AE72CC2F-6594-43F9-B2E0-D18D2FE8C65C}.Release|Any CPU.Build.0 = Release|Any CPU
	EndGlobalSection
	GlobalSection(SolutionProperties) = preSolution
		HideSolutionNode = FALSE
	EndGlobalSection
	GlobalSection(ExtensibilityGlobals) = postSolution
		SolutionGuid = {E95FA36D-DD76-41E4-BC6E-926096365589}
	EndGlobalSection
EndGlobal
